
Microsoft Visual Studio Solution File, Format Version 12.00
# Visual Studio Version 17
VisualStudioVersion = 17.11.35303.130
MinimumVisualStudioVersion = 10.0.40219.1
Project("{2150E333-8FDC-42A3-9474-1A3956D46DE8}") = "Task0", "Task0", "{58FEEC87-FFD7-453E-805E-D051B9317836}"
EndProject
Project("{2150E333-8FDC-42A3-9474-1A3956D46DE8}") = "Task1", "Task1", "{24BF2A64-9154-4AF4-B9C1-A5DD69A96074}"
EndProject
Project("{2150E333-8FDC-42A3-9474-1A3956D46DE8}") = "Task2", "Task2", "{27A1839A-5226-473E-A0D9-63AF2C434F5B}"
EndProject
Project("{2150E333-8FDC-42A3-9474-1A3956D46DE8}") = "Task3", "Task3", "{144798BF-B662-42D9-93FC-115326DD1894}"
EndProject
Project("{2150E333-8FDC-42A3-9474-1A3956D46DE8}") = "Task4", "Task4", "{81FEC3B6-FA6A-4A37-9634-62CE7B5DDDBB}"
EndProject
Project("{2150E333-8FDC-42A3-9474-1A3956D46DE8}") = "Task5", "Task5", "{657D29E3-1ACE-43D9-9149-5E81BC05DE2C}"
EndProject
Project("{2150E333-8FDC-42A3-9474-1A3956D46DE8}") = "Task6", "Task6", "{34159895-D3AC-453C-92DB-880EE11C8B0C}"
EndProject
Project("{2150E333-8FDC-42A3-9474-1A3956D46DE8}") = "Task7", "Task7", "{8659407A-2DE9-4D6F-8B7A-6FBD420AF6EA}"
EndProject
Project("{9A19103F-16F7-4668-BE54-9A1E7A4F7556}") = "Tyuiu.BaimuhametovaMD.Sprint5.Task0.V20.Lib", "Tyuiu.BaimuhametovaMD.Sprint5.Task0.V20.Lib\Tyuiu.BaimuhametovaMD.Sprint5.Task0.V20.Lib.csproj", "{FB3D7D9D-8A15-4B8E-94B8-3B796578E6CF}"
EndProject
Project("{9A19103F-16F7-4668-BE54-9A1E7A4F7556}") = "Tyuiu.BaimuhametovaMD.Sprint5.Task0.V20.Test", "Tyuiu.BaimuhametovaMD.Sprint5.Task0.V20.Test\Tyuiu.BaimuhametovaMD.Sprint5.Task0.V20.Test.csproj", "{44264C1F-2DB9-4327-9156-564F6FC057E7}"
EndProject
Project("{9A19103F-16F7-4668-BE54-9A1E7A4F7556}") = "Tyuiu.BaimuhametovaMD.Sprint5.Task0.V20", "Tyuiu.BaimuhametovaMD.Sprint5.Task0.V20\Tyuiu.BaimuhametovaMD.Sprint5.Task0.V20.csproj", "{49C2B6EF-C3A8-477E-9832-7C38238B9636}"
EndProject
Project("{9A19103F-16F7-4668-BE54-9A1E7A4F7556}") = "Tyuiu.BaimuhametovaMD.Sprint5.Task1.V26", "Tyuiu.BaimuhametovaMD.Sprint5.Task1.V26\Tyuiu.BaimuhametovaMD.Sprint5.Task1.V26.csproj", "{1ECCB5ED-2B0C-4268-A406-271F33EE0727}"
EndProject
Project("{9A19103F-16F7-4668-BE54-9A1E7A4F7556}") = "Tyuiu.BaimuhametovaMD.Sprint5.Task1.V26.Test", "Tyuiu.BaimuhametovaMD.Sprint5.Task1.V26.Test\Tyuiu.BaimuhametovaMD.Sprint5.Task1.V26.Test.csproj", "{3C0C3CDA-1696-4E38-8D3C-F97AAB8E464F}"
EndProject
Project("{9A19103F-16F7-4668-BE54-9A1E7A4F7556}") = "Tyuiu.BaimuhametovaMD.Sprint5.Task1.V26.Lib", "Tyuiu.BaimuhametovaMD.Sprint5.Task1.V26.Lib\Tyuiu.BaimuhametovaMD.Sprint5.Task1.V26.Lib.csproj", "{9B19BFC0-3B65-4C0A-879F-EE8CFC65B23D}"
EndProject
Project("{FAE04EC0-301F-11D3-BF4B-00C04F79EFBC}") = "Tyuiu.BaimuhametovaMD.Sprint5.Task2.V27.Lib", "Tyuiu.BaimuhametovaMD.Sprint5.Task2.V27.Lib\Tyuiu.BaimuhametovaMD.Sprint5.Task2.V27.Lib.csproj", "{3AA1C6C9-3BE5-4D88-9785-872FF9E7F527}"
EndProject
Project("{FAE04EC0-301F-11D3-BF4B-00C04F79EFBC}") = "Tyuiu.BaimuhametovaMD.Sprint5.Task2.V27.Test", "Tyuiu.BaimuhametovaMD.Sprint5.Task2.V27.Test\Tyuiu.BaimuhametovaMD.Sprint5.Task2.V27.Test.csproj", "{3D895549-739D-406A-9C13-213DEEAB6503}"
EndProject
Project("{FAE04EC0-301F-11D3-BF4B-00C04F79EFBC}") = "Tyuiu.BaimuhametovaMD.Sprint5.Task2.V27", "Tyuiu.BaimuhametovaMD.Sprint5.Task2.V27\Tyuiu.BaimuhametovaMD.Sprint5.Task2.V27.csproj", "{C7110597-5184-4156-8177-2BBC243AA489}"
EndProject
Project("{FAE04EC0-301F-11D3-BF4B-00C04F79EFBC}") = "Tyuiu.BaimuhametovaMD.Sprint5.Task3.V7", "Tyuiu.BaimuhametovaMD.Sprint5.Task3.V7\Tyuiu.BaimuhametovaMD.Sprint5.Task3.V7.csproj", "{72776538-9716-40CC-9AF0-22DC48D793E4}"
EndProject
Project("{FAE04EC0-301F-11D3-BF4B-00C04F79EFBC}") = "Tyuiu.BaimuhametovaMD.Sprint5.Task3.V7.Test", "Tyuiu.BaimuhametovaMD.Sprint5.Task3.V7.Test\Tyuiu.BaimuhametovaMD.Sprint5.Task3.V7.Test.csproj", "{08836FBB-EF80-47E2-A0BD-F1D35B8AB3A4}"
EndProject
Project("{FAE04EC0-301F-11D3-BF4B-00C04F79EFBC}") = "Tyuiu.BaimuhametovaMD.Sprint5.Task3.V7.Lib", "Tyuiu.BaimuhametovaMD.Sprint5.Task3.V7.Lib\Tyuiu.BaimuhametovaMD.Sprint5.Task3.V7.Lib.csproj", "{57696574-EB84-40A2-8C39-CCB0CB7F2ADA}"
EndProject
Global
	GlobalSection(SolutionConfigurationPlatforms) = preSolution
		Debug|Any CPU = Debug|Any CPU
		Release|Any CPU = Release|Any CPU
	EndGlobalSection
	GlobalSection(ProjectConfigurationPlatforms) = postSolution
		{FB3D7D9D-8A15-4B8E-94B8-3B796578E6CF}.Debug|Any CPU.ActiveCfg = Debug|Any CPU
		{FB3D7D9D-8A15-4B8E-94B8-3B796578E6CF}.Debug|Any CPU.Build.0 = Debug|Any CPU
		{FB3D7D9D-8A15-4B8E-94B8-3B796578E6CF}.Release|Any CPU.ActiveCfg = Release|Any CPU
		{FB3D7D9D-8A15-4B8E-94B8-3B796578E6CF}.Release|Any CPU.Build.0 = Release|Any CPU
		{44264C1F-2DB9-4327-9156-564F6FC057E7}.Debug|Any CPU.ActiveCfg = Debug|Any CPU
		{44264C1F-2DB9-4327-9156-564F6FC057E7}.Debug|Any CPU.Build.0 = Debug|Any CPU
		{44264C1F-2DB9-4327-9156-564F6FC057E7}.Release|Any CPU.ActiveCfg = Release|Any CPU
		{44264C1F-2DB9-4327-9156-564F6FC057E7}.Release|Any CPU.Build.0 = Release|Any CPU
		{49C2B6EF-C3A8-477E-9832-7C38238B9636}.Debug|Any CPU.ActiveCfg = Debug|Any CPU
		{49C2B6EF-C3A8-477E-9832-7C38238B9636}.Debug|Any CPU.Build.0 = Debug|Any CPU
		{49C2B6EF-C3A8-477E-9832-7C38238B9636}.Release|Any CPU.ActiveCfg = Release|Any CPU
		{49C2B6EF-C3A8-477E-9832-7C38238B9636}.Release|Any CPU.Build.0 = Release|Any CPU
		{1ECCB5ED-2B0C-4268-A406-271F33EE0727}.Debug|Any CPU.ActiveCfg = Debug|Any CPU
		{1ECCB5ED-2B0C-4268-A406-271F33EE0727}.Debug|Any CPU.Build.0 = Debug|Any CPU
		{1ECCB5ED-2B0C-4268-A406-271F33EE0727}.Release|Any CPU.ActiveCfg = Release|Any CPU
		{1ECCB5ED-2B0C-4268-A406-271F33EE0727}.Release|Any CPU.Build.0 = Release|Any CPU
		{3C0C3CDA-1696-4E38-8D3C-F97AAB8E464F}.Debug|Any CPU.ActiveCfg = Debug|Any CPU
		{3C0C3CDA-1696-4E38-8D3C-F97AAB8E464F}.Debug|Any CPU.Build.0 = Debug|Any CPU
		{3C0C3CDA-1696-4E38-8D3C-F97AAB8E464F}.Release|Any CPU.ActiveCfg = Release|Any CPU
		{3C0C3CDA-1696-4E38-8D3C-F97AAB8E464F}.Release|Any CPU.Build.0 = Release|Any CPU
		{9B19BFC0-3B65-4C0A-879F-EE8CFC65B23D}.Debug|Any CPU.ActiveCfg = Debug|Any CPU
		{9B19BFC0-3B65-4C0A-879F-EE8CFC65B23D}.Debug|Any CPU.Build.0 = Debug|Any CPU
		{9B19BFC0-3B65-4C0A-879F-EE8CFC65B23D}.Release|Any CPU.ActiveCfg = Release|Any CPU
		{9B19BFC0-3B65-4C0A-879F-EE8CFC65B23D}.Release|Any CPU.Build.0 = Release|Any CPU
		{3AA1C6C9-3BE5-4D88-9785-872FF9E7F527}.Debug|Any CPU.ActiveCfg = Debug|Any CPU
		{3AA1C6C9-3BE5-4D88-9785-872FF9E7F527}.Debug|Any CPU.Build.0 = Debug|Any CPU
		{3AA1C6C9-3BE5-4D88-9785-872FF9E7F527}.Release|Any CPU.ActiveCfg = Release|Any CPU
		{3AA1C6C9-3BE5-4D88-9785-872FF9E7F527}.Release|Any CPU.Build.0 = Release|Any CPU
		{3D895549-739D-406A-9C13-213DEEAB6503}.Debug|Any CPU.ActiveCfg = Debug|Any CPU
		{3D895549-739D-406A-9C13-213DEEAB6503}.Debug|Any CPU.Build.0 = Debug|Any CPU
		{3D895549-739D-406A-9C13-213DEEAB6503}.Release|Any CPU.ActiveCfg = Release|Any CPU
		{3D895549-739D-406A-9C13-213DEEAB6503}.Release|Any CPU.Build.0 = Release|Any CPU
		{C7110597-5184-4156-8177-2BBC243AA489}.Debug|Any CPU.ActiveCfg = Debug|Any CPU
		{C7110597-5184-4156-8177-2BBC243AA489}.Debug|Any CPU.Build.0 = Debug|Any CPU
		{C7110597-5184-4156-8177-2BBC243AA489}.Release|Any CPU.ActiveCfg = Release|Any CPU
		{C7110597-5184-4156-8177-2BBC243AA489}.Release|Any CPU.Build.0 = Release|Any CPU
		{72776538-9716-40CC-9AF0-22DC48D793E4}.Debug|Any CPU.ActiveCfg = Debug|Any CPU
		{72776538-9716-40CC-9AF0-22DC48D793E4}.Debug|Any CPU.Build.0 = Debug|Any CPU
		{72776538-9716-40CC-9AF0-22DC48D793E4}.Release|Any CPU.ActiveCfg = Release|Any CPU
		{72776538-9716-40CC-9AF0-22DC48D793E4}.Release|Any CPU.Build.0 = Release|Any CPU
		{08836FBB-EF80-47E2-A0BD-F1D35B8AB3A4}.Debug|Any CPU.ActiveCfg = Debug|Any CPU
		{08836FBB-EF80-47E2-A0BD-F1D35B8AB3A4}.Debug|Any CPU.Build.0 = Debug|Any CPU
		{08836FBB-EF80-47E2-A0BD-F1D35B8AB3A4}.Release|Any CPU.ActiveCfg = Release|Any CPU
		{08836FBB-EF80-47E2-A0BD-F1D35B8AB3A4}.Release|Any CPU.Build.0 = Release|Any CPU
		{57696574-EB84-40A2-8C39-CCB0CB7F2ADA}.Debug|Any CPU.ActiveCfg = Debug|Any CPU
		{57696574-EB84-40A2-8C39-CCB0CB7F2ADA}.Debug|Any CPU.Build.0 = Debug|Any CPU
		{57696574-EB84-40A2-8C39-CCB0CB7F2ADA}.Release|Any CPU.ActiveCfg = Release|Any CPU
		{57696574-EB84-40A2-8C39-CCB0CB7F2ADA}.Release|Any CPU.Build.0 = Release|Any CPU
	EndGlobalSection
	GlobalSection(SolutionProperties) = preSolution
		HideSolutionNode = FALSE
	EndGlobalSection
	GlobalSection(NestedProjects) = preSolution
		{FB3D7D9D-8A15-4B8E-94B8-3B796578E6CF} = {58FEEC87-FFD7-453E-805E-D051B9317836}
		{44264C1F-2DB9-4327-9156-564F6FC057E7} = {58FEEC87-FFD7-453E-805E-D051B9317836}
		{49C2B6EF-C3A8-477E-9832-7C38238B9636} = {58FEEC87-FFD7-453E-805E-D051B9317836}
		{1ECCB5ED-2B0C-4268-A406-271F33EE0727} = {24BF2A64-9154-4AF4-B9C1-A5DD69A96074}
		{3C0C3CDA-1696-4E38-8D3C-F97AAB8E464F} = {24BF2A64-9154-4AF4-B9C1-A5DD69A96074}
		{9B19BFC0-3B65-4C0A-879F-EE8CFC65B23D} = {24BF2A64-9154-4AF4-B9C1-A5DD69A96074}
		{3AA1C6C9-3BE5-4D88-9785-872FF9E7F527} = {27A1839A-5226-473E-A0D9-63AF2C434F5B}
		{3D895549-739D-406A-9C13-213DEEAB6503} = {27A1839A-5226-473E-A0D9-63AF2C434F5B}
		{C7110597-5184-4156-8177-2BBC243AA489} = {27A1839A-5226-473E-A0D9-63AF2C434F5B}
		{72776538-9716-40CC-9AF0-22DC48D793E4} = {144798BF-B662-42D9-93FC-115326DD1894}
		{08836FBB-EF80-47E2-A0BD-F1D35B8AB3A4} = {144798BF-B662-42D9-93FC-115326DD1894}
		{57696574-EB84-40A2-8C39-CCB0CB7F2ADA} = {144798BF-B662-42D9-93FC-115326DD1894}
	EndGlobalSection
	GlobalSection(ExtensibilityGlobals) = postSolution
		SolutionGuid = {1A72C56F-5E8F-487C-8786-D51970CCA90B}
	EndGlobalSection
EndGlobal
